
Microsoft Visual Studio Solution File, Format Version 12.00
# Visual Studio Version 17
VisualStudioVersion = 17.4.33213.308
MinimumVisualStudioVersion = 10.0.40219.1
Project("{FAE04EC0-301F-11D3-BF4B-00C04F79EFBC}") = "WpfApp4", "WpfApp4\WpfApp4.csproj", "{AF0C195C-80FA-4FF3-B0EA-C4A43DFBA66E}"
EndProject
Project("{FAE04EC0-301F-11D3-BF4B-00C04F79EFBC}") = "ClassLibrary1", "ClassLibrary1\ClassLibrary1.csproj", "{CF1169EE-2215-42AD-A996-49E27687FC68}"
EndProject
Global
	GlobalSection(SolutionConfigurationPlatforms) = preSolution
		Debug|Any CPU = Debug|Any CPU
		Release|Any CPU = Release|Any CPU
	EndGlobalSection
	GlobalSection(ProjectConfigurationPlatforms) = postSolution
		{AF0C195C-80FA-4FF3-B0EA-C4A43DFBA66E}.Debug|Any CPU.ActiveCfg = Debug|Any CPU
		{AF0C195C-80FA-4FF3-B0EA-C4A43DFBA66E}.Debug|Any CPU.Build.0 = Debug|Any CPU
		{AF0C195C-80FA-4FF3-B0EA-C4A43DFBA66E}.Release|Any CPU.ActiveCfg = Release|Any CPU
		{AF0C195C-80FA-4FF3-B0EA-C4A43DFBA66E}.Release|Any CPU.Build.0 = Release|Any CPU
		{CF1169EE-2215-42AD-A996-49E27687FC68}.Debug|Any CPU.ActiveCfg = Debug|Any CPU
		{CF1169EE-2215-42AD-A996-49E27687FC68}.Debug|Any CPU.Build.0 = Debug|Any CPU
		{CF1169EE-2215-42AD-A996-49E27687FC68}.Release|Any CPU.ActiveCfg = Release|Any CPU
		{CF1169EE-2215-42AD-A996-49E27687FC68}.Release|Any CPU.Build.0 = Release|Any CPU
	EndGlobalSection
	GlobalSection(SolutionProperties) = preSolution
		HideSolutionNode = FALSE
	EndGlobalSection
	GlobalSection(ExtensibilityGlobals) = postSolution
		SolutionGuid = {98C6A8BC-C397-402B-9425-3177F8868B5F}
	EndGlobalSection
EndGlobal
